{
  "requires": true,
  "lockfileVersion": 1,
  "dependencies": {
    "react-lazyload": {
      "version": "2.6.5",
      "resolved": "https://registry.npmjs.org/react-lazyload/-/react-lazyload-2.6.5.tgz",
      "integrity": "sha512-C/juO9l7dGS7jEARBLjM3oG7F1lL5bqajz/55sk3GFc0Ippd9vnSkdRxdiaE6gf5si3YxIow8dSJ+YuB2D/3vg=="
    }
  }
}
